// !$*UTF8*$!
{
	archiveVersion = 1;
	classes = {
	};
	objectVersion = 55;
	objects = {

/* Begin PBXBuildFile section */
		67C70C55292B7F780097219A /* AppDelegate.swift in Sources */ = {isa = PBXBuildFile; fileRef = 67C70C54292B7F780097219A /* AppDelegate.swift */; };
		67C70C57292B7F780097219A /* SceneDelegate.swift in Sources */ = {isa = PBXBuildFile; fileRef = 67C70C56292B7F780097219A /* SceneDelegate.swift */; };
		67C70C59292B7F780097219A /* ViewController.swift in Sources */ = {isa = PBXBuildFile; fileRef = 67C70C58292B7F780097219A /* ViewController.swift */; };
		67C70C5E292B7F7C0097219A /* Assets.xcassets in Resources */ = {isa = PBXBuildFile; fileRef = 67C70C5D292B7F7C0097219A /* Assets.xcassets */; };
		67C70C61292B7F7C0097219A /* LaunchScreen.storyboard in Resources */ = {isa = PBXBuildFile; fileRef = 67C70C5F292B7F7C0097219A /* LaunchScreen.storyboard */; };
		67C70C75292B83D30097219A /* JSONManager.swift in Sources */ = {isa = PBXBuildFile; fileRef = 67C70C74292B83D30097219A /* JSONManager.swift */; };
		67C70C77292B84000097219A /* JSONResponse.swift in Sources */ = {isa = PBXBuildFile; fileRef = 67C70C76292B84000097219A /* JSONResponse.swift */; };
		67C70C79292B842A0097219A /* TestTaskJSON.json in Resources */ = {isa = PBXBuildFile; fileRef = 67C70C78292B842A0097219A /* TestTaskJSON.json */; };
/* End PBXBuildFile section */

/* Begin PBXFileReference section */
		67C70C51292B7F780097219A /* WeatherPageXOne.app */ = {isa = PBXFileReference; explicitFileType = wrapper.application; includeInIndex = 0; path = WeatherPageXOne.app; sourceTree = BUILT_PRODUCTS_DIR; };
		67C70C54292B7F780097219A /* AppDelegate.swift */ = {isa = PBXFileReference; lastKnownFileType = sourcecode.swift; path = AppDelegate.swift; sourceTree = "<group>"; };
		67C70C56292B7F780097219A /* SceneDelegate.swift */ = {isa = PBXFileReference; lastKnownFileType = sourcecode.swift; path = SceneDelegate.swift; sourceTree = "<group>"; };
		67C70C58292B7F780097219A /* ViewController.swift */ = {isa = PBXFileReference; lastKnownFileType = sourcecode.swift; path = ViewController.swift; sourceTree = "<group>"; };
		67C70C5D292B7F7C0097219A /* Assets.xcassets */ = {isa = PBXFileReference; lastKnownFileType = folder.assetcatalog; path = Assets.xcassets; sourceTree = "<group>"; };
		67C70C60292B7F7C0097219A /* Base */ = {isa = PBXFileReference; lastKnownFileType = file.storyboard; name = Base; path = Base.lproj/LaunchScreen.storyboard; sourceTree = "<group>"; };
		67C70C62292B7F7C0097219A /* Info.plist */ = {isa = PBXFileReference; lastKnownFileType = text.plist.xml; path = Info.plist; sourceTree = "<group>"; };
		67C70C74292B83D30097219A /* JSONManager.swift */ = {isa = PBXFileReference; lastKnownFileType = sourcecode.swift; path = JSONManager.swift; sourceTree = "<group>"; };
		67C70C76292B84000097219A /* JSONResponse.swift */ = {isa = PBXFileReference; lastKnownFileType = sourcecode.swift; path = JSONResponse.swift; sourceTree = "<group>"; };
		67C70C78292B842A0097219A /* TestTaskJSON.json */ = {isa = PBXFileReference; fileEncoding = 4; lastKnownFileType = text.json; path = TestTaskJSON.json; sourceTree = "<group>"; };
/* End PBXFileReference section */

/* Begin PBXFrameworksBuildPhase section */
		67C70C4E292B7F780097219A /* Frameworks */ = {
			isa = PBXFrameworksBuildPhase;
			buildActionMask = 2147483647;
			files = (
			);
			runOnlyForDeploymentPostprocessing = 0;
		};
/* End PBXFrameworksBuildPhase section */

/* Begin PBXGroup section */
		67C70C48292B7F780097219A = {
			isa = PBXGroup;
			children = (
				67C70C53292B7F780097219A /* WeatherPageXOne */,
				67C70C52292B7F780097219A /* Products */,
			);
			sourceTree = "<group>";
		};
		67C70C52292B7F780097219A /* Products */ = {
			isa = PBXGroup;
			children = (
				67C70C51292B7F780097219A /* WeatherPageXOne.app */,
			);
			name = Products;
			sourceTree = "<group>";
		};
		67C70C53292B7F780097219A /* WeatherPageXOne */ = {
			isa = PBXGroup;
			children = (
				67C70C7E292B93D70097219A /* App */,
				67C70C7D292B93C10097219A /* Storyboards */,
				67C70C7C292B8AEA0097219A /* Resources */,
				67C70C71292B83980097219A /* DataSource */,
				67C70C72292B83A50097219A /* Services */,
				67C70C73292B83AD0097219A /* Models */,
				67C70C7A292B8ABC0097219A /* Views */,
				67C70C7B292B8AC20097219A /* Presenters */,
				67C70C62292B7F7C0097219A /* Info.plist */,
			);
			path = WeatherPageXOne;
			sourceTree = "<group>";
		};
		67C70C71292B83980097219A /* DataSource */ = {
			isa = PBXGroup;
			children = (
				67C70C78292B842A0097219A /* TestTaskJSON.json */,
			);
			path = DataSource;
			sourceTree = "<group>";
		};
		67C70C72292B83A50097219A /* Services */ = {
			isa = PBXGroup;
			children = (
				67C70C74292B83D30097219A /* JSONManager.swift */,
			);
			path = Services;
			sourceTree = "<group>";
		};
		67C70C73292B83AD0097219A /* Models */ = {
			isa = PBXGroup;
			children = (
				67C70C76292B84000097219A /* JSONResponse.swift */,
			);
			path = Models;
			sourceTree = "<group>";
		};
		67C70C7A292B8ABC0097219A /* Views */ = {
			isa = PBXGroup;
			children = (
				67C70C58292B7F780097219A /* ViewController.swift */,
			);
			path = Views;
			sourceTree = "<group>";
		};
		67C70C7B292B8AC20097219A /* Presenters */ = {
			isa = PBXGroup;
			children = (
			);
			path = Presenters;
			sourceTree = "<group>";
		};
		67C70C7C292B8AEA0097219A /* Resources */ = {
			isa = PBXGroup;
			children = (
				67C70C5D292B7F7C0097219A /* Assets.xcassets */,
			);
			path = Resources;
			sourceTree = "<group>";
		};
		67C70C7D292B93C10097219A /* Storyboards */ = {
			isa = PBXGroup;
			children = (
				67C70C5F292B7F7C0097219A /* LaunchScreen.storyboard */,
			);
			path = Storyboards;
			sourceTree = "<group>";
		};
		67C70C7E292B93D70097219A /* App */ = {
			isa = PBXGroup;
			children = (
				67C70C54292B7F780097219A /* AppDelegate.swift */,
				67C70C56292B7F780097219A /* SceneDelegate.swift */,
			);
			path = App;
			sourceTree = "<group>";
		};
/* End PBXGroup section */

/* Begin PBXNativeTarget section */
		67C70C50292B7F780097219A /* WeatherPageXOne */ = {
			isa = PBXNativeTarget;
			buildConfigurationList = 67C70C65292B7F7C0097219A /* Build configuration list for PBXNativeTarget "WeatherPageXOne" */;
			buildPhases = (
				67C70C4D292B7F780097219A /* Sources */,
				67C70C4E292B7F780097219A /* Frameworks */,
				67C70C4F292B7F780097219A /* Resources */,
			);
			buildRules = (
			);
			dependencies = (
			);
			name = WeatherPageXOne;
			productName = WeatherPageXOne;
			productReference = 67C70C51292B7F780097219A /* WeatherPageXOne.app */;
			productType = "com.apple.product-type.application";
		};
/* End PBXNativeTarget section */

/* Begin PBXProject section */
		67C70C49292B7F780097219A /* Project object */ = {
			isa = PBXProject;
			attributes = {
				BuildIndependentTargetsInParallel = 1;
				LastSwiftUpdateCheck = 1330;
				LastUpgradeCheck = 1330;
				TargetAttributes = {
					67C70C50292B7F780097219A = {
						CreatedOnToolsVersion = 13.3.1;
					};
				};
			};
			buildConfigurationList = 67C70C4C292B7F780097219A /* Build configuration list for PBXProject "WeatherPageXOne" */;
			compatibilityVersion = "Xcode 13.0";
			developmentRegion = en;
			hasScannedForEncodings = 0;
			knownRegions = (
				en,
				Base,
			);
			mainGroup = 67C70C48292B7F780097219A;
			productRefGroup = 67C70C52292B7F780097219A /* Products */;
			projectDirPath = "";
			projectRoot = "";
			targets = (
				67C70C50292B7F780097219A /* WeatherPageXOne */,
			);
		};
/* End PBXProject section */

/* Begin PBXResourcesBuildPhase section */
		67C70C4F292B7F780097219A /* Resources */ = {
			isa = PBXResourcesBuildPhase;
			buildActionMask = 2147483647;
			files = (
				67C70C61292B7F7C0097219A /* LaunchScreen.storyboard in Resources */,
				67C70C5E292B7F7C0097219A /* Assets.xcassets in Resources */,
				67C70C79292B842A0097219A /* TestTaskJSON.json in Resources */,
			);
			runOnlyForDeploymentPostprocessing = 0;
		};
/* End PBXResourcesBuildPhase section */

/* Begin PBXSourcesBuildPhase section */
		67C70C4D292B7F780097219A /* Sources */ = {
			isa = PBXSourcesBuildPhase;
			buildActionMask = 2147483647;
			files = (
				67C70C59292B7F780097219A /* ViewController.swift in Sources */,
				67C70C75292B83D30097219A /* JSONManager.swift in Sources */,
				67C70C55292B7F780097219A /* AppDelegate.swift in Sources */,
				67C70C77292B84000097219A /* JSONResponse.swift in Sources */,
				67C70C57292B7F780097219A /* SceneDelegate.swift in Sources */,
			);
			runOnlyForDeploymentPostprocessing = 0;
		};
/* End PBXSourcesBuildPhase section */

/* Begin PBXVariantGroup section */
		67C70C5F292B7F7C0097219A /* LaunchScreen.storyboard */ = {
			isa = PBXVariantGroup;
			children = (
				67C70C60292B7F7C0097219A /* Base */,
			);
			name = LaunchScreen.storyboard;
			sourceTree = "<group>";
		};
/* End PBXVariantGroup section */

/* Begin XCBuildConfiguration section */
		67C70C63292B7F7C0097219A /* Debug */ = {
			isa = XCBuildConfiguration;
			buildSettings = {
				ALWAYS_SEARCH_USER_PATHS = NO;
				CLANG_ANALYZER_NONNULL = YES;
				CLANG_ANALYZER_NUMBER_OBJECT_CONVERSION = YES_AGGRESSIVE;
				CLANG_CXX_LANGUAGE_STANDARD = "gnu++17";
				CLANG_ENABLE_MODULES = YES;
				CLANG_ENABLE_OBJC_ARC = YES;
				CLANG_ENABLE_OBJC_WEAK = YES;
				CLANG_WARN_BLOCK_CAPTURE_AUTORELEASING = YES;
				CLANG_WARN_BOOL_CONVERSION = YES;
				CLANG_WARN_COMMA = YES;
				CLANG_WARN_CONSTANT_CONVERSION = YES;
				CLANG_WARN_DEPRECATED_OBJC_IMPLEMENTATIONS = YES;
				CLANG_WARN_DIRECT_OBJC_ISA_USAGE = YES_ERROR;
				CLANG_WARN_DOCUMENTATION_COMMENTS = YES;
				CLANG_WARN_EMPTY_BODY = YES;
				CLANG_WARN_ENUM_CONVERSION = YES;
				CLANG_WARN_INFINITE_RECURSION = YES;
				CLANG_WARN_INT_CONVERSION = YES;
				CLANG_WARN_NON_LITERAL_NULL_CONVERSION = YES;
				CLANG_WARN_OBJC_IMPLICIT_RETAIN_SELF = YES;
				CLANG_WARN_OBJC_LITERAL_CONVERSION = YES;
				CLANG_WARN_OBJC_ROOT_CLASS = YES_ERROR;
				CLANG_WARN_QUOTED_INCLUDE_IN_FRAMEWORK_HEADER = YES;
				CLANG_WARN_RANGE_LOOP_ANALYSIS = YES;
				CLANG_WARN_STRICT_PROTOTYPES = YES;
				CLANG_WARN_SUSPICIOUS_MOVE = YES;
				CLANG_WARN_UNGUARDED_AVAILABILITY = YES_AGGRESSIVE;
				CLANG_WARN_UNREACHABLE_CODE = YES;
				CLANG_WARN__DUPLICATE_METHOD_MATCH = YES;
				COPY_PHASE_STRIP = NO;
				DEBUG_INFORMATION_FORMAT = dwarf;
				ENABLE_STRICT_OBJC_MSGSEND = YES;
				ENABLE_TESTABILITY = YES;
				GCC_C_LANGUAGE_STANDARD = gnu11;
				GCC_DYNAMIC_NO_PIC = NO;
				GCC_NO_COMMON_BLOCKS = YES;
				GCC_OPTIMIZATION_LEVEL = 0;
				GCC_PREPROCESSOR_DEFINITIONS = (
					"DEBUG=1",
					"$(inherited)",
				);
				GCC_WARN_64_TO_32_BIT_CONVERSION = YES;
				GCC_WARN_ABOUT_RETURN_TYPE = YES_ERROR;
				GCC_WARN_UNDECLARED_SELECTOR = YES;
				GCC_WARN_UNINITIALIZED_AUTOS = YES_AGGRESSIVE;
				GCC_WARN_UNUSED_FUNCTION = YES;
				GCC_WARN_UNUSED_VARIABLE = YES;
				IPHONEOS_DEPLOYMENT_TARGET = 15.4;
				MTL_ENABLE_DEBUG_INFO = INCLUDE_SOURCE;
				MTL_FAST_MATH = YES;
				ONLY_ACTIVE_ARCH = YES;
				SDKROOT = iphoneos;
				SWIFT_ACTIVE_COMPILATION_CONDITIONS = DEBUG;
				SWIFT_OPTIMIZATION_LEVEL = "-Onone";
			};
			name = Debug;
		};
		67C70C64292B7F7C0097219A /* Release */ = {
			isa = XCBuildConfiguration;
			buildSettings = {
				ALWAYS_SEARCH_USER_PATHS = NO;
				CLANG_ANALYZER_NONNULL = YES;
				CLANG_ANALYZER_NUMBER_OBJECT_CONVERSION = YES_AGGRESSIVE;
				CLANG_CXX_LANGUAGE_STANDARD = "gnu++17";
				CLANG_ENABLE_MODULES = YES;
				CLANG_ENABLE_OBJC_ARC = YES;
				CLANG_ENABLE_OBJC_WEAK = YES;
				CLANG_WARN_BLOCK_CAPTURE_AUTORELEASING = YES;
				CLANG_WARN_BOOL_CONVERSION = YES;
				CLANG_WARN_COMMA = YES;
				CLANG_WARN_CONSTANT_CONVERSION = YES;
				CLANG_WARN_DEPRECATED_OBJC_IMPLEMENTATIONS = YES;
				CLANG_WARN_DIRECT_OBJC_ISA_USAGE = YES_ERROR;
				CLANG_WARN_DOCUMENTATION_COMMENTS = YES;
				CLANG_WARN_EMPTY_BODY = YES;
				CLANG_WARN_ENUM_CONVERSION = YES;
				CLANG_WARN_INFINITE_RECURSION = YES;
				CLANG_WARN_INT_CONVERSION = YES;
				CLANG_WARN_NON_LITERAL_NULL_CONVERSION = YES;
				CLANG_WARN_OBJC_IMPLICIT_RETAIN_SELF = YES;
				CLANG_WARN_OBJC_LITERAL_CONVERSION = YES;
				CLANG_WARN_OBJC_ROOT_CLASS = YES_ERROR;
				CLANG_WARN_QUOTED_INCLUDE_IN_FRAMEWORK_HEADER = YES;
				CLANG_WARN_RANGE_LOOP_ANALYSIS = YES;
				CLANG_WARN_STRICT_PROTOTYPES = YES;
				CLANG_WARN_SUSPICIOUS_MOVE = YES;
				CLANG_WARN_UNGUARDED_AVAILABILITY = YES_AGGRESSIVE;
				CLANG_WARN_UNREACHABLE_CODE = YES;
				CLANG_WARN__DUPLICATE_METHOD_MATCH = YES;
				COPY_PHASE_STRIP = NO;
				DEBUG_INFORMATION_FORMAT = "dwarf-with-dsym";
				ENABLE_NS_ASSERTIONS = NO;
				ENABLE_STRICT_OBJC_MSGSEND = YES;
				GCC_C_LANGUAGE_STANDARD = gnu11;
				GCC_NO_COMMON_BLOCKS = YES;
				GCC_WARN_64_TO_32_BIT_CONVERSION = YES;
				GCC_WARN_ABOUT_RETURN_TYPE = YES_ERROR;
				GCC_WARN_UNDECLARED_SELECTOR = YES;
				GCC_WARN_UNINITIALIZED_AUTOS = YES_AGGRESSIVE;
				GCC_WARN_UNUSED_FUNCTION = YES;
				GCC_WARN_UNUSED_VARIABLE = YES;
				IPHONEOS_DEPLOYMENT_TARGET = 15.4;
				MTL_ENABLE_DEBUG_INFO = NO;
				MTL_FAST_MATH = YES;
				SDKROOT = iphoneos;
				SWIFT_COMPILATION_MODE = wholemodule;
				SWIFT_OPTIMIZATION_LEVEL = "-O";
				VALIDATE_PRODUCT = YES;
			};
			name = Release;
		};
		67C70C66292B7F7C0097219A /* Debug */ = {
			isa = XCBuildConfiguration;
			buildSettings = {
				ASSETCATALOG_COMPILER_APPICON_NAME = AppIcon;
				ASSETCATALOG_COMPILER_GLOBAL_ACCENT_COLOR_NAME = AccentColor;
				CODE_SIGN_STYLE = Automatic;
				CURRENT_PROJECT_VERSION = 1;
				DEVELOPMENT_TEAM = 67A656CXMY;
				GENERATE_INFOPLIST_FILE = YES;
				INFOPLIST_FILE = WeatherPageXOne/Info.plist;
				INFOPLIST_KEY_UIApplicationSupportsIndirectInputEvents = YES;
				INFOPLIST_KEY_UILaunchStoryboardName = LaunchScreen;
				INFOPLIST_KEY_UISupportedInterfaceOrientations = UIInterfaceOrientationPortrait;
				IPHONEOS_DEPLOYMENT_TARGET = 13.0;
				LD_RUNPATH_SEARCH_PATHS = (
					"$(inherited)",
					"@executable_path/Frameworks",
				);
				MARKETING_VERSION = 1.0;
				PRODUCT_BUNDLE_IDENTIFIER = Kyzu.WeatherPageXOne;
				PRODUCT_NAME = "$(TARGET_NAME)";
				SWIFT_EMIT_LOC_STRINGS = YES;
				SWIFT_VERSION = 5.0;
				TARGETED_DEVICE_FAMILY = 1;
			};
			name = Debug;
		};
		67C70C67292B7F7C0097219A /* Release */ = {
			isa = XCBuildConfiguration;
			buildSettings = {
				ASSETCATALOG_COMPILER_APPICON_NAME = AppIcon;
				ASSETCATALOG_COMPILER_GLOBAL_ACCENT_COLOR_NAME = AccentColor;
				CODE_SIGN_STYLE = Automatic;
				CURRENT_PROJECT_VERSION = 1;
				DEVELOPMENT_TEAM = 67A656CXMY;
				GENERATE_INFOPLIST_FILE = YES;
				INFOPLIST_FILE = WeatherPageXOne/Info.plist;
				INFOPLIST_KEY_UIApplicationSupportsIndirectInputEvents = YES;
				INFOPLIST_KEY_UILaunchStoryboardName = LaunchScreen;
				INFOPLIST_KEY_UISupportedInterfaceOrientations = UIInterfaceOrientationPortrait;
				IPHONEOS_DEPLOYMENT_TARGET = 13.0;
				LD_RUNPATH_SEARCH_PATHS = (
					"$(inherited)",
					"@executable_path/Frameworks",
				);
				MARKETING_VERSION = 1.0;
				PRODUCT_BUNDLE_IDENTIFIER = Kyzu.WeatherPageXOne;
				PRODUCT_NAME = "$(TARGET_NAME)";
				SWIFT_EMIT_LOC_STRINGS = YES;
				SWIFT_VERSION = 5.0;
				TARGETED_DEVICE_FAMILY = 1;
			};
			name = Release;
		};
/* End XCBuildConfiguration section */

/* Begin XCConfigurationList section */
		67C70C4C292B7F780097219A /* Build configuration list for PBXProject "WeatherPageXOne" */ = {
			isa = XCConfigurationList;
			buildConfigurations = (
				67C70C63292B7F7C0097219A /* Debug */,
				67C70C64292B7F7C0097219A /* Release */,
			);
			defaultConfigurationIsVisible = 0;
			defaultConfigurationName = Release;
		};
		67C70C65292B7F7C0097219A /* Build configuration list for PBXNativeTarget "WeatherPageXOne" */ = {
			isa = XCConfigurationList;
			buildConfigurations = (
				67C70C66292B7F7C0097219A /* Debug */,
				67C70C67292B7F7C0097219A /* Release */,
			);
			defaultConfigurationIsVisible = 0;
			defaultConfigurationName = Release;
		};
/* End XCConfigurationList section */
	};
	rootObject = 67C70C49292B7F780097219A /* Project object */;
}
